
Microsoft Visual Studio Solution File, Format Version 12.00
# Visual Studio 15
VisualStudioVersion = 15.0.27004.2009
MinimumVisualStudioVersion = 10.0.40219.1
Project("{FAE04EC0-301F-11D3-BF4B-00C04F79EFBC}") = "WebApplication2", "WebApplication2\WebApplication2.csproj", "{D8C9C1DF-885F-4EC5-966C-495EF2F87A3C}"
EndProject
Global
	GlobalSection(SolutionConfigurationPlatforms) = preSolution
		Debug|Any CPU = Debug|Any CPU
		Release|Any CPU = Release|Any CPU
	EndGlobalSection
	GlobalSection(ProjectConfigurationPlatforms) = postSolution
		{D8C9C1DF-885F-4EC5-966C-495EF2F87A3C}.Debug|Any CPU.ActiveCfg = Debug|Any CPU
		{D8C9C1DF-885F-4EC5-966C-495EF2F87A3C}.Debug|Any CPU.Build.0 = Debug|Any CPU
		{D8C9C1DF-885F-4EC5-966C-495EF2F87A3C}.Release|Any CPU.ActiveCfg = Release|Any CPU
		{D8C9C1DF-885F-4EC5-966C-495EF2F87A3C}.Release|Any CPU.Build.0 = Release|Any CPU
	EndGlobalSection
	GlobalSection(SolutionProperties) = preSolution
		HideSolutionNode = FALSE
	EndGlobalSection
	GlobalSection(ExtensibilityGlobals) = postSolution
		SolutionGuid = {2C0C5EF5-AC46-4507-84FB-A0FA86C74CCD}
	EndGlobalSection
EndGlobal
